
Microsoft Visual Studio Solution File, Format Version 12.00
Project("{2150E333-8FDC-42A3-9474-1A3956D46DE8}") = "Adapters", "Adapters", "{67CDDE4B-2DDE-4E10-BDA5-6F6308850BD7}"
EndProject
Project("{2150E333-8FDC-42A3-9474-1A3956D46DE8}") = "Core", "Core", "{88F875FC-86DB-4FF3-96F4-4A4F69F5443D}"
EndProject
Project("{2150E333-8FDC-42A3-9474-1A3956D46DE8}") = "Application", "Application", "{3EC45174-5B8B-421E-AB29-2668B5E1254A}"
EndProject
Project("{2150E333-8FDC-42A3-9474-1A3956D46DE8}") = "Domain", "Domain", "{B8466553-4BE4-4E0F-B19E-6164762E74C1}"
EndProject
Project("{2150E333-8FDC-42A3-9474-1A3956D46DE8}") = "Driven", "Driven", "{2E11B9AB-0D45-4E4A-94B4-BB2299525DE4}"
EndProject
Project("{2150E333-8FDC-42A3-9474-1A3956D46DE8}") = "Drivers", "Drivers", "{849F8445-1054-43E6-875D-F9DB38F28145}"
EndProject
Project("{2150E333-8FDC-42A3-9474-1A3956D46DE8}") = "WebApi", "WebApi", "{46FCEC41-18D9-4B8B-B395-874FB90FB300}"
EndProject
Project("{FAE04EC0-301F-11D3-BF4B-00C04F79EFBC}") = "HealthMed.Domain", "src\HealthMed.Domain\HealthMed.Domain.csproj", "{6D58EF83-CEAF-4EF8-ADBD-303C7733D72E}"
EndProject
Project("{FAE04EC0-301F-11D3-BF4B-00C04F79EFBC}") = "HealthMed.Application", "src\HealthMed.Application\HealthMed.Application.csproj", "{0A3C43BB-06B8-4D04-9C03-664D6D6B0D3F}"
EndProject
Project("{2150E333-8FDC-42A3-9474-1A3956D46DE8}") = "Infrastructure", "Infrastructure", "{64577BBA-73C2-4C74-B306-591CE616314E}"
EndProject
Project("{FAE04EC0-301F-11D3-BF4B-00C04F79EFBC}") = "HealthMed.ORM", "src\HealthMed.ORM\HealthMed.ORM.csproj", "{1316704B-0D1C-4237-A30C-BD2FC82BDE26}"
EndProject
Project("{FAE04EC0-301F-11D3-BF4B-00C04F79EFBC}") = "HealthMed.WebApi", "src\HealthMed.WebApi\HealthMed.WebApi.csproj", "{1355219B-EAED-4F64-9DF0-568D817AC288}"
EndProject
Project("{2150E333-8FDC-42A3-9474-1A3956D46DE8}") = "Crosscutting", "Crosscutting", "{EB741F35-27D7-4851-A6AF-A194D77B0336}"
EndProject
Project("{2150E333-8FDC-42A3-9474-1A3956D46DE8}") = "Tests", "Tests", "{EDE14F77-A071-4C0E-A41A-093A5FD40E4A}"
EndProject
Project("{FAE04EC0-301F-11D3-BF4B-00C04F79EFBC}") = "HealthMed.Tests.Unit", "tests\HealthMed.Tests.Unit\HealthMed.Tests.Unit.csproj", "{466930E8-EDA7-40C0-8277-AA63838D9ADE}"
EndProject
Project("{2150E333-8FDC-42A3-9474-1A3956D46DE8}") = "Unit", "Unit", "{769AD5A1-7752-4DC4-B8A5-5142B7CEF973}"
EndProject
Project("{2150E333-8FDC-42A3-9474-1A3956D46DE8}") = "Integration", "Integration", "{EE7874D4-97F0-4DE6-AA10-1A5AB2EE1009}"
EndProject
Project("{2150E333-8FDC-42A3-9474-1A3956D46DE8}") = "Functional", "Functional", "{B3D5EFB2-DBD4-4A71-A36E-0DA6D200545D}"
EndProject
Project("{FAE04EC0-301F-11D3-BF4B-00C04F79EFBC}") = "HealthMed.Tests.Integration", "tests\HealthMed.Tests.Integration\HealthMed.Tests.Integration.csproj", "{AC172DD1-9E56-48E7-A5E9-C17604824AA2}"
EndProject
Project("{FAE04EC0-301F-11D3-BF4B-00C04F79EFBC}") = "HealthMed.Tests.Functional", "tests\HealthMed.Tests.Functional\HealthMed.Tests.Functional.csproj", "{D15D2D0C-E605-4D3B-A68D-246BD92BEDA0}"
EndProject
Project("{FAE04EC0-301F-11D3-BF4B-00C04F79EFBC}") = "HealthMed.Common", "src\HealthMed.Common\HealthMed.Common.csproj", "{71C08A9A-2623-42B0-BDC0-AFB577079F2A}"
EndProject
Project("{FAE04EC0-301F-11D3-BF4B-00C04F79EFBC}") = "HealthMed.Ioc", "src\HealthMed.Ioc\HealthMed.Ioc.csproj", "{52B9EFAE-7B40-442A-95E0-978FCE6C830A}"
EndProject
Project("{FAE04EC0-301F-11D3-BF4B-00C04F79EFBC}") = "HealthMed.Domain.Tests", "tests\HealthMed.Domain.Tests\HealthMed.Domain.Tests.csproj", "{B232A07A-1FD0-4D2D-B028-A524299FF55C}"
EndProject
Project("{FAE04EC0-301F-11D3-BF4B-00C04F79EFBC}") = "HealthMed.Messaging", "src\HealthMed.Messaging\HealthMed.Messaging.csproj", "{FE274B98-77E3-4E3D-B95F-D2A590EAB0B8}"
EndProject
Project("{FAE04EC0-301F-11D3-BF4B-00C04F79EFBC}") = "HealthMed.Application.Tests", "tests\HealthMed.Application.Tests\HealthMed.Application.Tests.csproj", "{7E94809D-F059-4C3F-A77B-5DE4291AEEE7}"
EndProject
Project("{FAE04EC0-301F-11D3-BF4B-00C04F79EFBC}") = "HealthMed.ApiGateway", "src\HealthMed.ApiGateway\HealthMed.ApiGateway.csproj", "{58B5059E-14EB-433A-8BA9-E1B1332A718E}"
EndProject
Project("{FAE04EC0-301F-11D3-BF4B-00C04F79EFBC}") = "HealthMed.Keycloak", "src\HealthMed.Keycloak\HealthMed.Keycloak.csproj", "{92CFDD0E-73F3-419F-B207-D6BF0EF9A6F5}"
EndProject
Project("{FAE04EC0-301F-11D3-BF4B-00C04F79EFBC}") = "HealthMed.AuthApi", "src\HealthMed.AuthApi\HealthMed.AuthApi.csproj", "{1C3124D7-B85A-4E3A-B789-B802E0B91A44}"
EndProject
Project("{FAE04EC0-301F-11D3-BF4B-00C04F79EFBC}") = "HealthMed.Consumers", "src\HealthMed.Consumers\HealthMed.Consumers.csproj", "{A45552AD-1EF1-4EDB-949B-DAC307E9FE73}"
EndProject
Project("{2150E333-8FDC-42A3-9474-1A3956D46DE8}") = "ApiGateway", "ApiGateway", "{F898965F-A3A3-4A2D-8D62-C6DED2905670}"
EndProject
Project("{2150E333-8FDC-42A3-9474-1A3956D46DE8}") = "AuthApi", "AuthApi", "{55D2C537-D64C-4A15-93EF-405CCE64EDEF}"
EndProject
Project("{FAE04EC0-301F-11D3-BF4B-00C04F79EFBC}") = "HealthMed.Caching", "src\HealthMed.Caching\HealthMed.Caching.csproj", "{EE1CD577-7632-4306-94A9-2531019D706F}"
EndProject
Project("{FAE04EC0-301F-11D3-BF4B-00C04F79EFBC}") = "docker-compose", "docker-compose.dcproj", "{4AF79501-F785-4B98-8EE5-54BE186D67A2}"
EndProject
Global
	GlobalSection(SolutionConfigurationPlatforms) = preSolution
		Debug|Any CPU = Debug|Any CPU
		Release|Any CPU = Release|Any CPU
	EndGlobalSection
	GlobalSection(NestedProjects) = preSolution
		{3EC45174-5B8B-421E-AB29-2668B5E1254A} = {88F875FC-86DB-4FF3-96F4-4A4F69F5443D}
		{B8466553-4BE4-4E0F-B19E-6164762E74C1} = {88F875FC-86DB-4FF3-96F4-4A4F69F5443D}
		{2E11B9AB-0D45-4E4A-94B4-BB2299525DE4} = {67CDDE4B-2DDE-4E10-BDA5-6F6308850BD7}
		{849F8445-1054-43E6-875D-F9DB38F28145} = {67CDDE4B-2DDE-4E10-BDA5-6F6308850BD7}
		{46FCEC41-18D9-4B8B-B395-874FB90FB300} = {849F8445-1054-43E6-875D-F9DB38F28145}
		{6D58EF83-CEAF-4EF8-ADBD-303C7733D72E} = {B8466553-4BE4-4E0F-B19E-6164762E74C1}
		{0A3C43BB-06B8-4D04-9C03-664D6D6B0D3F} = {3EC45174-5B8B-421E-AB29-2668B5E1254A}
		{64577BBA-73C2-4C74-B306-591CE616314E} = {2E11B9AB-0D45-4E4A-94B4-BB2299525DE4}
		{1316704B-0D1C-4237-A30C-BD2FC82BDE26} = {64577BBA-73C2-4C74-B306-591CE616314E}
		{1355219B-EAED-4F64-9DF0-568D817AC288} = {46FCEC41-18D9-4B8B-B395-874FB90FB300}
		{769AD5A1-7752-4DC4-B8A5-5142B7CEF973} = {EDE14F77-A071-4C0E-A41A-093A5FD40E4A}
		{466930E8-EDA7-40C0-8277-AA63838D9ADE} = {769AD5A1-7752-4DC4-B8A5-5142B7CEF973}
		{EE7874D4-97F0-4DE6-AA10-1A5AB2EE1009} = {EDE14F77-A071-4C0E-A41A-093A5FD40E4A}
		{B3D5EFB2-DBD4-4A71-A36E-0DA6D200545D} = {EDE14F77-A071-4C0E-A41A-093A5FD40E4A}
		{AC172DD1-9E56-48E7-A5E9-C17604824AA2} = {EE7874D4-97F0-4DE6-AA10-1A5AB2EE1009}
		{D15D2D0C-E605-4D3B-A68D-246BD92BEDA0} = {B3D5EFB2-DBD4-4A71-A36E-0DA6D200545D}
		{71C08A9A-2623-42B0-BDC0-AFB577079F2A} = {EB741F35-27D7-4851-A6AF-A194D77B0336}
		{52B9EFAE-7B40-442A-95E0-978FCE6C830A} = {EB741F35-27D7-4851-A6AF-A194D77B0336}
		{B232A07A-1FD0-4D2D-B028-A524299FF55C} = {B8466553-4BE4-4E0F-B19E-6164762E74C1}
		{FE274B98-77E3-4E3D-B95F-D2A590EAB0B8} = {64577BBA-73C2-4C74-B306-591CE616314E}
		{7E94809D-F059-4C3F-A77B-5DE4291AEEE7} = {3EC45174-5B8B-421E-AB29-2668B5E1254A}
		{92CFDD0E-73F3-419F-B207-D6BF0EF9A6F5} = {64577BBA-73C2-4C74-B306-591CE616314E}
		{A45552AD-1EF1-4EDB-949B-DAC307E9FE73} = {64577BBA-73C2-4C74-B306-591CE616314E}
		{F898965F-A3A3-4A2D-8D62-C6DED2905670} = {849F8445-1054-43E6-875D-F9DB38F28145}
		{58B5059E-14EB-433A-8BA9-E1B1332A718E} = {F898965F-A3A3-4A2D-8D62-C6DED2905670}
		{55D2C537-D64C-4A15-93EF-405CCE64EDEF} = {849F8445-1054-43E6-875D-F9DB38F28145}
		{1C3124D7-B85A-4E3A-B789-B802E0B91A44} = {55D2C537-D64C-4A15-93EF-405CCE64EDEF}
		{EE1CD577-7632-4306-94A9-2531019D706F} = {64577BBA-73C2-4C74-B306-591CE616314E}
	EndGlobalSection
	GlobalSection(ProjectConfigurationPlatforms) = postSolution
		{6D58EF83-CEAF-4EF8-ADBD-303C7733D72E}.Debug|Any CPU.ActiveCfg = Debug|Any CPU
		{6D58EF83-CEAF-4EF8-ADBD-303C7733D72E}.Debug|Any CPU.Build.0 = Debug|Any CPU
		{6D58EF83-CEAF-4EF8-ADBD-303C7733D72E}.Release|Any CPU.ActiveCfg = Release|Any CPU
		{6D58EF83-CEAF-4EF8-ADBD-303C7733D72E}.Release|Any CPU.Build.0 = Release|Any CPU
		{0A3C43BB-06B8-4D04-9C03-664D6D6B0D3F}.Debug|Any CPU.ActiveCfg = Debug|Any CPU
		{0A3C43BB-06B8-4D04-9C03-664D6D6B0D3F}.Debug|Any CPU.Build.0 = Debug|Any CPU
		{0A3C43BB-06B8-4D04-9C03-664D6D6B0D3F}.Release|Any CPU.ActiveCfg = Release|Any CPU
		{0A3C43BB-06B8-4D04-9C03-664D6D6B0D3F}.Release|Any CPU.Build.0 = Release|Any CPU
		{1316704B-0D1C-4237-A30C-BD2FC82BDE26}.Debug|Any CPU.ActiveCfg = Debug|Any CPU
		{1316704B-0D1C-4237-A30C-BD2FC82BDE26}.Debug|Any CPU.Build.0 = Debug|Any CPU
		{1316704B-0D1C-4237-A30C-BD2FC82BDE26}.Release|Any CPU.ActiveCfg = Release|Any CPU
		{1316704B-0D1C-4237-A30C-BD2FC82BDE26}.Release|Any CPU.Build.0 = Release|Any CPU
		{1355219B-EAED-4F64-9DF0-568D817AC288}.Debug|Any CPU.ActiveCfg = Debug|Any CPU
		{1355219B-EAED-4F64-9DF0-568D817AC288}.Debug|Any CPU.Build.0 = Debug|Any CPU
		{1355219B-EAED-4F64-9DF0-568D817AC288}.Release|Any CPU.ActiveCfg = Release|Any CPU
		{1355219B-EAED-4F64-9DF0-568D817AC288}.Release|Any CPU.Build.0 = Release|Any CPU
		{466930E8-EDA7-40C0-8277-AA63838D9ADE}.Debug|Any CPU.ActiveCfg = Debug|Any CPU
		{466930E8-EDA7-40C0-8277-AA63838D9ADE}.Debug|Any CPU.Build.0 = Debug|Any CPU
		{466930E8-EDA7-40C0-8277-AA63838D9ADE}.Release|Any CPU.ActiveCfg = Release|Any CPU
		{466930E8-EDA7-40C0-8277-AA63838D9ADE}.Release|Any CPU.Build.0 = Release|Any CPU
		{AC172DD1-9E56-48E7-A5E9-C17604824AA2}.Debug|Any CPU.ActiveCfg = Debug|Any CPU
		{AC172DD1-9E56-48E7-A5E9-C17604824AA2}.Debug|Any CPU.Build.0 = Debug|Any CPU
		{AC172DD1-9E56-48E7-A5E9-C17604824AA2}.Release|Any CPU.ActiveCfg = Release|Any CPU
		{AC172DD1-9E56-48E7-A5E9-C17604824AA2}.Release|Any CPU.Build.0 = Release|Any CPU
		{D15D2D0C-E605-4D3B-A68D-246BD92BEDA0}.Debug|Any CPU.ActiveCfg = Debug|Any CPU
		{D15D2D0C-E605-4D3B-A68D-246BD92BEDA0}.Debug|Any CPU.Build.0 = Debug|Any CPU
		{D15D2D0C-E605-4D3B-A68D-246BD92BEDA0}.Release|Any CPU.ActiveCfg = Release|Any CPU
		{D15D2D0C-E605-4D3B-A68D-246BD92BEDA0}.Release|Any CPU.Build.0 = Release|Any CPU
		{71C08A9A-2623-42B0-BDC0-AFB577079F2A}.Debug|Any CPU.ActiveCfg = Debug|Any CPU
		{71C08A9A-2623-42B0-BDC0-AFB577079F2A}.Debug|Any CPU.Build.0 = Debug|Any CPU
		{71C08A9A-2623-42B0-BDC0-AFB577079F2A}.Release|Any CPU.ActiveCfg = Release|Any CPU
		{71C08A9A-2623-42B0-BDC0-AFB577079F2A}.Release|Any CPU.Build.0 = Release|Any CPU
		{52B9EFAE-7B40-442A-95E0-978FCE6C830A}.Debug|Any CPU.ActiveCfg = Debug|Any CPU
		{52B9EFAE-7B40-442A-95E0-978FCE6C830A}.Debug|Any CPU.Build.0 = Debug|Any CPU
		{52B9EFAE-7B40-442A-95E0-978FCE6C830A}.Release|Any CPU.ActiveCfg = Release|Any CPU
		{52B9EFAE-7B40-442A-95E0-978FCE6C830A}.Release|Any CPU.Build.0 = Release|Any CPU
		{B232A07A-1FD0-4D2D-B028-A524299FF55C}.Debug|Any CPU.ActiveCfg = Debug|Any CPU
		{B232A07A-1FD0-4D2D-B028-A524299FF55C}.Debug|Any CPU.Build.0 = Debug|Any CPU
		{B232A07A-1FD0-4D2D-B028-A524299FF55C}.Release|Any CPU.ActiveCfg = Release|Any CPU
		{B232A07A-1FD0-4D2D-B028-A524299FF55C}.Release|Any CPU.Build.0 = Release|Any CPU
		{FE274B98-77E3-4E3D-B95F-D2A590EAB0B8}.Debug|Any CPU.ActiveCfg = Debug|Any CPU
		{FE274B98-77E3-4E3D-B95F-D2A590EAB0B8}.Debug|Any CPU.Build.0 = Debug|Any CPU
		{FE274B98-77E3-4E3D-B95F-D2A590EAB0B8}.Release|Any CPU.ActiveCfg = Release|Any CPU
		{FE274B98-77E3-4E3D-B95F-D2A590EAB0B8}.Release|Any CPU.Build.0 = Release|Any CPU
		{7E94809D-F059-4C3F-A77B-5DE4291AEEE7}.Debug|Any CPU.ActiveCfg = Debug|Any CPU
		{7E94809D-F059-4C3F-A77B-5DE4291AEEE7}.Debug|Any CPU.Build.0 = Debug|Any CPU
		{7E94809D-F059-4C3F-A77B-5DE4291AEEE7}.Release|Any CPU.ActiveCfg = Release|Any CPU
		{7E94809D-F059-4C3F-A77B-5DE4291AEEE7}.Release|Any CPU.Build.0 = Release|Any CPU
		{58B5059E-14EB-433A-8BA9-E1B1332A718E}.Debug|Any CPU.ActiveCfg = Debug|Any CPU
		{58B5059E-14EB-433A-8BA9-E1B1332A718E}.Debug|Any CPU.Build.0 = Debug|Any CPU
		{1C3124D7-B85A-4E3A-B789-B802E0B91A44}.Debug|Any CPU.ActiveCfg = Debug|Any CPU
		{1C3124D7-B85A-4E3A-B789-B802E0B91A44}.Debug|Any CPU.Build.0 = Debug|Any CPU
		{A45552AD-1EF1-4EDB-949B-DAC307E9FE73}.Debug|Any CPU.ActiveCfg = Debug|Any CPU
		{A45552AD-1EF1-4EDB-949B-DAC307E9FE73}.Debug|Any CPU.Build.0 = Debug|Any CPU
		{92CFDD0E-73F3-419F-B207-D6BF0EF9A6F5}.Debug|Any CPU.ActiveCfg = Debug|Any CPU
		{92CFDD0E-73F3-419F-B207-D6BF0EF9A6F5}.Debug|Any CPU.Build.0 = Debug|Any CPU
		{EE1CD577-7632-4306-94A9-2531019D706F}.Debug|Any CPU.ActiveCfg = Debug|Any CPU
		{EE1CD577-7632-4306-94A9-2531019D706F}.Debug|Any CPU.Build.0 = Debug|Any CPU
		{EE1CD577-7632-4306-94A9-2531019D706F}.Release|Any CPU.ActiveCfg = Release|Any CPU
		{EE1CD577-7632-4306-94A9-2531019D706F}.Release|Any CPU.Build.0 = Release|Any CPU
	EndGlobalSection
EndGlobal
